
Microsoft Visual Studio Solution File, Format Version 12.00
# Visual Studio Version 17
VisualStudioVersion = 17.8.34330.188
MinimumVisualStudioVersion = 10.0.40219.1
Project("{FAE04EC0-301F-11D3-BF4B-00C04F79EFBC}") = "SpendSmartApp", "SpendSmartApp\SpendSmartApp.csproj", "{20A50200-B8FF-41EA-B2AC-ADD779BC125F}"
EndProject
Global
	GlobalSection(SolutionConfigurationPlatforms) = preSolution
		Debug|Any CPU = Debug|Any CPU
		Release|Any CPU = Release|Any CPU
	EndGlobalSection
	GlobalSection(ProjectConfigurationPlatforms) = postSolution
		{20A50200-B8FF-41EA-B2AC-ADD779BC125F}.Debug|Any CPU.ActiveCfg = Debug|Any CPU
		{20A50200-B8FF-41EA-B2AC-ADD779BC125F}.Debug|Any CPU.Build.0 = Debug|Any CPU
		{20A50200-B8FF-41EA-B2AC-ADD779BC125F}.Release|Any CPU.ActiveCfg = Release|Any CPU
		{20A50200-B8FF-41EA-B2AC-ADD779BC125F}.Release|Any CPU.Build.0 = Release|Any CPU
	EndGlobalSection
	GlobalSection(SolutionProperties) = preSolution
		HideSolutionNode = FALSE
	EndGlobalSection
	GlobalSection(ExtensibilityGlobals) = postSolution
		SolutionGuid = {1066D9EB-2D71-4F27-ACE0-7DCA0E3AA481}
	EndGlobalSection
EndGlobal
